
Microsoft Visual Studio Solution File, Format Version 12.00
# Visual Studio 15
VisualStudioVersion = 15.0.28307.271
MinimumVisualStudioVersion = 10.0.40219.1
Project("{FAE04EC0-301F-11D3-BF4B-00C04F79EFBC}") = "Jerome Personal Portfolio", "Jerome Personal Portfolio\Jerome Personal Portfolio.csproj", "{28870481-44F9-442F-8801-B021194236A0}"
EndProject
Global
	GlobalSection(SolutionConfigurationPlatforms) = preSolution
		Debug|Any CPU = Debug|Any CPU
		Release|Any CPU = Release|Any CPU
	EndGlobalSection
	GlobalSection(ProjectConfigurationPlatforms) = postSolution
		{28870481-44F9-442F-8801-B021194236A0}.Debug|Any CPU.ActiveCfg = Debug|Any CPU
		{28870481-44F9-442F-8801-B021194236A0}.Debug|Any CPU.Build.0 = Debug|Any CPU
		{28870481-44F9-442F-8801-B021194236A0}.Release|Any CPU.ActiveCfg = Release|Any CPU
		{28870481-44F9-442F-8801-B021194236A0}.Release|Any CPU.Build.0 = Release|Any CPU
	EndGlobalSection
	GlobalSection(SolutionProperties) = preSolution
		HideSolutionNode = FALSE
	EndGlobalSection
	GlobalSection(ExtensibilityGlobals) = postSolution
		SolutionGuid = {B6CA37C6-2716-42C4-8F20-093B95904CD8}
	EndGlobalSection
EndGlobal
